
Microsoft Visual Studio Solution File, Format Version 12.00
# Visual Studio 2013
VisualStudioVersion = 12.0.30324.0
MinimumVisualStudioVersion = 10.0.40219.1
Project("{E24C65DC-7377-472B-9ABA-BC803B73C61A}") = "BridgeWeb(2)", "http://localhost:24158", "{C499D2C6-B8CF-470D-BAFE-3838D3DEE594}"
	ProjectSection(WebsiteProperties) = preProject
		UseIISExpress = "true"
		TargetFrameworkMoniker = ".NETFramework,Version%3Dv4.5"
		Debug.AspNetCompiler.VirtualPath = "/localhost_24158"
		Debug.AspNetCompiler.PhysicalPath = "BridgeWeb\"
		Debug.AspNetCompiler.TargetPath = "PrecompiledWeb\localhost_24158\"
		Debug.AspNetCompiler.Updateable = "true"
		Debug.AspNetCompiler.ForceOverwrite = "true"
		Debug.AspNetCompiler.FixedNames = "false"
		Debug.AspNetCompiler.Debug = "True"
		Release.AspNetCompiler.VirtualPath = "/localhost_24158"
		Release.AspNetCompiler.PhysicalPath = "BridgeWeb\"
		Release.AspNetCompiler.TargetPath = "PrecompiledWeb\localhost_24158\"
		Release.AspNetCompiler.Updateable = "true"
		Release.AspNetCompiler.ForceOverwrite = "true"
		Release.AspNetCompiler.FixedNames = "false"
		Release.AspNetCompiler.Debug = "False"
		SlnRelativePath = "BridgeWeb\"
		DefaultWebSiteLanguage = "Visual C#"
	EndProjectSection
EndProject
Project("{E24C65DC-7377-472B-9ABA-BC803B73C61A}") = "NgLearning", "http://localhost:35374", "{6668FFB0-BA00-4A8E-B1B9-EF1FC41B779A}"
	ProjectSection(WebsiteProperties) = preProject
		UseIISExpress = "true"
		TargetFrameworkMoniker = ".NETFramework,Version%3Dv4.5"
		Debug.AspNetCompiler.VirtualPath = "/localhost_35374"
		Debug.AspNetCompiler.PhysicalPath = "NgLearning\"
		Debug.AspNetCompiler.TargetPath = "PrecompiledWeb\localhost_35374\"
		Debug.AspNetCompiler.Updateable = "true"
		Debug.AspNetCompiler.ForceOverwrite = "true"
		Debug.AspNetCompiler.FixedNames = "false"
		Debug.AspNetCompiler.Debug = "True"
		Release.AspNetCompiler.VirtualPath = "/localhost_35374"
		Release.AspNetCompiler.PhysicalPath = "NgLearning\"
		Release.AspNetCompiler.TargetPath = "PrecompiledWeb\localhost_35374\"
		Release.AspNetCompiler.Updateable = "true"
		Release.AspNetCompiler.ForceOverwrite = "true"
		Release.AspNetCompiler.FixedNames = "false"
		Release.AspNetCompiler.Debug = "False"
		SlnRelativePath = "NgLearning\"
		DefaultWebSiteLanguage = "Visual C#"
	EndProjectSection
EndProject
Global
	GlobalSection(SolutionConfigurationPlatforms) = preSolution
		Debug|Any CPU = Debug|Any CPU
	EndGlobalSection
	GlobalSection(ProjectConfigurationPlatforms) = postSolution
		{C499D2C6-B8CF-470D-BAFE-3838D3DEE594}.Debug|Any CPU.ActiveCfg = Debug|Any CPU
		{C499D2C6-B8CF-470D-BAFE-3838D3DEE594}.Debug|Any CPU.Build.0 = Debug|Any CPU
		{6668FFB0-BA00-4A8E-B1B9-EF1FC41B779A}.Debug|Any CPU.ActiveCfg = Debug|Any CPU
		{6668FFB0-BA00-4A8E-B1B9-EF1FC41B779A}.Debug|Any CPU.Build.0 = Debug|Any CPU
	EndGlobalSection
	GlobalSection(SolutionProperties) = preSolution
		HideSolutionNode = FALSE
	EndGlobalSection
EndGlobal
